{
  "lib/forge-std": {
    "tag": {
      "name": "v1.14.0",
      "rev": "1801b0541f4fda118a10798fd3486bb7051c5dd6"
    }
  },
  "lib/openzeppelin-contracts": {
    "tag": {
      "name": "v3.4.2-solc-0.7",
      "rev": "04695aecbd4d17dddfd55de766d10e3805d6f42f"
    }
  },
  "lib/openzeppelin-v5": {
    "rev": "932fddf69a699a9a80fd2396fd1a2ab91cdda123"
  },
  "lib/permit2": {
    "rev": "cc56ad0f3439c502c246fc5cfcc3db92bb8b7219"
  },
  "lib/solmate": {
    "rev": "89365b880c4f3c786bdd453d4b8e8fe410344a69"
  },
  "lib/v3-core": {
    "tag": {
      "name": "v1.0.0",
      "rev": "e3589b192d0be27e100cd0daaf6c97204fdb1899"
    }
  },
  "lib/v3-periphery": {
    "tag": {
      "name": "v1.3.0",
      "rev": "80f26c86c57b8a5e4b913f42844d4c8bd274d058"
    }
  },
  "lib/v4-core": {
    "tag": {
      "name": "v4.0.0",
      "rev": "e50237c43811bd9b526eff40f26772152a42daba"
    }
  },
  "lib/v4-periphery": {
    "rev": "3779387e5d296f39df543d23524b050f89a62917"
  }
}